{
  "name": "console-game",
  "version": "1.0.0",
  "lockfileVersion": 1,
  "requires": true,
  "dependencies": {
    "async": {
      "version": "1.5.2",
      "resolved": "http://npm.devops.xiaohongshu.com:7001/async/download/async-1.5.2.tgz",
      "integrity": "sha1-7GphrlZIDAw8skHJVhjiCJL5Zyo="
    },
    "colors": {
      "version": "1.0.3",
      "resolved": "http://npm.devops.xiaohongshu.com:7001/colors/download/colors-1.0.3.tgz",
      "integrity": "sha1-BDP0TYCWgP3rYO0mDxsMJi6CpAs="
    },
    "corser": {
      "version": "2.0.1",
      "resolved": "http://npm.devops.xiaohongshu.com:7001/corser/download/corser-2.0.1.tgz",
      "integrity": "sha1-jtolLsqrWEDc2XXOuQ2TcMgZ/4c="
    },
    "debug": {
      "version": "3.1.0",
      "resolved": "http://npm.devops.xiaohongshu.com:7001/debug/download/debug-3.1.0.tgz",
      "integrity": "sha1-W7WgZyYotkFJVmuhaBnmFRjGcmE=",
      "requires": {
        "ms": "2.0.0"
      }
    },
    "ecstatic": {
      "version": "3.2.1",
      "resolved": "http://npm.devops.xiaohongshu.com:7001/ecstatic/download/ecstatic-3.2.1.tgz",
      "integrity": "sha1-EZanTWPXHSjeqAftK2GDBiZxogY=",
      "requires": {
        "he": "1.1.1",
        "mime": "1.6.0",
        "minimist": "1.2.0",
        "url-join": "2.0.5"
      }
    },
    "eventemitter3": {
      "version": "3.1.0",
      "resolved": "http://npm.devops.xiaohongshu.com:7001/eventemitter3/download/eventemitter3-3.1.0.tgz",
      "integrity": "sha1-CQtNbNvWRe0Qv3UNS1QHlC17oWM="
    },
    "follow-redirects": {
      "version": "1.5.5",
      "resolved": "http://npm.devops.xiaohongshu.com:7001/follow-redirects/download/follow-redirects-1.5.5.tgz",
      "integrity": "sha1-PBQ8pZmi4i5ih2aH1osj1VuteIs=",
      "requires": {
        "debug": "3.1.0"
      }
    },
    "he": {
      "version": "1.1.1",
      "resolved": "http://npm.devops.xiaohongshu.com:7001/he/download/he-1.1.1.tgz",
      "integrity": "sha1-k0EP0hsAlzUVH4howvJx80J+I/0="
    },
    "http-proxy": {
      "version": "1.17.0",
      "resolved": "http://npm.devops.xiaohongshu.com:7001/http-proxy/download/http-proxy-1.17.0.tgz",
      "integrity": "sha1-etOElGWPhGBeL220Q230EPTlvpo=",
      "requires": {
        "eventemitter3": "3.1.0",
        "follow-redirects": "1.5.5",
        "requires-port": "1.0.0"
      }
    },
    "http-server": {
      "version": "0.11.1",
      "resolved": "http://npm.devops.xiaohongshu.com:7001/http-server/download/http-server-0.11.1.tgz",
      "integrity": "sha1-IwKlam/+9/mr6gFH2Dil6ba2p5s=",
      "requires": {
        "colors": "1.0.3",
        "corser": "2.0.1",
        "ecstatic": "3.2.1",
        "http-proxy": "1.17.0",
        "opener": "1.4.3",
        "optimist": "0.6.1",
        "portfinder": "1.0.16",
        "union": "0.4.6"
      }
    },
    "mime": {
      "version": "1.6.0",
      "resolved": "http://npm.devops.xiaohongshu.com:7001/mime/download/mime-1.6.0.tgz",
      "integrity": "sha1-Ms2eXGRVO9WNGaVor0Uqz/BJgbE="
    },
    "minimist": {
      "version": "1.2.0",
      "resolved": "http://npm.devops.xiaohongshu.com:7001/minimist/download/minimist-1.2.0.tgz",
      "integrity": "sha1-o1AIsg9BOD7sH7kU9M1d95omQoQ="
    },
    "mkdirp": {
      "version": "0.5.1",
      "resolved": "http://npm.devops.xiaohongshu.com:7001/mkdirp/download/mkdirp-0.5.1.tgz",
      "integrity": "sha1-MAV0OOrGz3+MR2fzhkjWaX11yQM=",
      "requires": {
        "minimist": "0.0.8"
      },
      "dependencies": {
        "minimist": {
          "version": "0.0.8",
          "resolved": "http://npm.devops.xiaohongshu.com:7001/minimist/download/minimist-0.0.8.tgz",
          "integrity": "sha1-hX/Kv8M5fSYluCKCYuhqp6ARsF0="
        }
      }
    },
    "ms": {
      "version": "2.0.0",
      "resolved": "http://npm.devops.xiaohongshu.com:7001/ms/download/ms-2.0.0.tgz",
      "integrity": "sha1-VgiurfwAvmwpAd9fmGF4jeDVl8g="
    },
    "opener": {
      "version": "1.4.3",
      "resolved": "http://npm.devops.xiaohongshu.com:7001/opener/download/opener-1.4.3.tgz",
      "integrity": "sha1-XG2ixdflgx6P+jlklQ+NZnSskLg="
    },
    "optimist": {
      "version": "0.6.1",
      "resolved": "http://npm.devops.xiaohongshu.com:7001/optimist/download/optimist-0.6.1.tgz",
      "integrity": "sha1-2j6nRob6IaGaERwybpDrFaAZZoY=",
      "requires": {
        "minimist": "0.0.10",
        "wordwrap": "0.0.3"
      },
      "dependencies": {
        "minimist": {
          "version": "0.0.10",
          "resolved": "http://npm.devops.xiaohongshu.com:7001/minimist/download/minimist-0.0.10.tgz",
          "integrity": "sha1-3j+YVD2/lggr5IrRoMfNqDYwHc8="
        }
      }
    },
    "portfinder": {
      "version": "1.0.16",
      "resolved": "http://npm.devops.xiaohongshu.com:7001/portfinder/download/portfinder-1.0.16.tgz",
      "integrity": "sha1-pqaL6cNSvGbBpMF6Jh9mHz+sr1I=",
      "requires": {
        "async": "1.5.2",
        "debug": "2.6.9",
        "mkdirp": "0.5.1"
      },
      "dependencies": {
        "debug": {
          "version": "2.6.9",
          "resolved": "http://npm.devops.xiaohongshu.com:7001/debug/download/debug-2.6.9.tgz",
          "integrity": "sha1-XRKFFd8TT/Mn6QpMk/Tgd6U2NB8=",
          "requires": {
            "ms": "2.0.0"
          }
        }
      }
    },
    "qs": {
      "version": "2.3.3",
      "resolved": "http://npm.devops.xiaohongshu.com:7001/qs/download/qs-2.3.3.tgz",
      "integrity": "sha1-6eha2+ddoLvkyOBHaghikPhjtAQ="
    },
    "requires-port": {
      "version": "1.0.0",
      "resolved": "http://npm.devops.xiaohongshu.com:7001/requires-port/download/requires-port-1.0.0.tgz",
      "integrity": "sha1-kl0mAdOaxIXgkc8NpcbmlNw9yv8="
    },
    "typescript": {
      "version": "3.0.1",
      "resolved": "http://npm.devops.xiaohongshu.com:7001/typescript/download/typescript-3.0.1.tgz",
      "integrity": "sha1-Q3OPKVhdOodXVSCkuTq2Am7xH9s="
    },
    "union": {
      "version": "0.4.6",
      "resolved": "http://npm.devops.xiaohongshu.com:7001/union/download/union-0.4.6.tgz",
      "integrity": "sha1-GY+9rrolTniLDvy2MLwR8kopWeA=",
      "requires": {
        "qs": "2.3.3"
      }
    },
    "url-join": {
      "version": "2.0.5",
      "resolved": "http://npm.devops.xiaohongshu.com:7001/url-join/download/url-join-2.0.5.tgz",
      "integrity": "sha1-WvIvGMBSoACkjXuCxenC4v7tpyg="
    },
    "wordwrap": {
      "version": "0.0.3",
      "resolved": "http://npm.devops.xiaohongshu.com:7001/wordwrap/download/wordwrap-0.0.3.tgz",
      "integrity": "sha1-o9XabNXAvAAI03I0u68b7WMFkQc="
    }
  }
}
